
Microsoft Visual Studio Solution File, Format Version 12.00
# Visual Studio Version 16
VisualStudioVersion = 16.0.31729.503
MinimumVisualStudioVersion = 10.0.40219.1
Project("{FAE04EC0-301F-11D3-BF4B-00C04F79EFBC}") = "Information and Technology College", "Information and Technology College\Information and Technology College.csproj", "{CA2762B5-C6B3-4F32-A8E0-92B1B0959986}"
EndProject
Project("{FAE04EC0-301F-11D3-BF4B-00C04F79EFBC}") = "Information and Technology College.Tests", "Information and Technology College.Tests\Information and Technology College.Tests.csproj", "{E8D6CDC9-6E08-4D4D-870F-70354CA37A1E}"
EndProject
Global
	GlobalSection(SolutionConfigurationPlatforms) = preSolution
		Debug|Any CPU = Debug|Any CPU
		Release|Any CPU = Release|Any CPU
	EndGlobalSection
	GlobalSection(ProjectConfigurationPlatforms) = postSolution
		{CA2762B5-C6B3-4F32-A8E0-92B1B0959986}.Debug|Any CPU.ActiveCfg = Debug|Any CPU
		{CA2762B5-C6B3-4F32-A8E0-92B1B0959986}.Debug|Any CPU.Build.0 = Debug|Any CPU
		{CA2762B5-C6B3-4F32-A8E0-92B1B0959986}.Release|Any CPU.ActiveCfg = Release|Any CPU
		{CA2762B5-C6B3-4F32-A8E0-92B1B0959986}.Release|Any CPU.Build.0 = Release|Any CPU
		{E8D6CDC9-6E08-4D4D-870F-70354CA37A1E}.Debug|Any CPU.ActiveCfg = Debug|Any CPU
		{E8D6CDC9-6E08-4D4D-870F-70354CA37A1E}.Debug|Any CPU.Build.0 = Debug|Any CPU
		{E8D6CDC9-6E08-4D4D-870F-70354CA37A1E}.Release|Any CPU.ActiveCfg = Release|Any CPU
		{E8D6CDC9-6E08-4D4D-870F-70354CA37A1E}.Release|Any CPU.Build.0 = Release|Any CPU
	EndGlobalSection
	GlobalSection(SolutionProperties) = preSolution
		HideSolutionNode = FALSE
	EndGlobalSection
	GlobalSection(ExtensibilityGlobals) = postSolution
		SolutionGuid = {D4A6EB8C-2825-4772-BF18-244C4A9B10DF}
	EndGlobalSection
EndGlobal
